{
  "lockfileVersion": 1,
  "configVersion": 0,
  "workspaces": {
    "": {
      "name": "regextoolbox",
      "devDependencies": {
        "qunit": "^2.19.1",
      },
    },
  },
  "packages": {
    "commander": ["commander@7.2.0", "", {}, "sha512-QrWXB+ZQSVPmIWIhtEO9H+gwHaMGYiF5ChvoJ+K9ZGHG/sVsa6yiesAD1GC/x46sET00Xlwo1u49RVVVzvcSkw=="],

    "globalyzer": ["globalyzer@0.1.0", "", {}, "sha512-40oNTM9UfG6aBmuKxk/giHn5nQ8RVz/SS4Ir6zgzOv9/qC3kKZ9v4etGTcJbEl/NyVQH7FGU7d+X1egr57Md2Q=="],

    "globrex": ["globrex@0.1.2", "", {}, "sha512-uHJgbwAMwNFf5mLst7IWLNg14x1CkeqglJb/K3doi4dw6q2IvAAmM/Y81kevy83wP+Sst+nutFTYOGg3d1lsxg=="],

    "node-watch": ["node-watch@0.7.3", "", {}, "sha512-3l4E8uMPY1HdMMryPRUAl+oIHtXtyiTlIiESNSVSNxcPfzAFzeTbXFQkZfAwBbo0B1qMSG8nUABx+Gd+YrbKrQ=="],

    "qunit": ["qunit@2.24.2", "", { "dependencies": { "commander": "7.2.0", "node-watch": "0.7.3", "tiny-glob": "0.2.9" }, "bin": "bin/qunit.js" }, "sha512-dWlYs+Q9AIDT3eHKgkpEpWrSjHjqTJNCAJr1tUo5bQuDMzlZvaqCz1bNZhqzNu41ibkIQ7b50S9y6IMlrrUfNQ=="],

    "tiny-glob": ["tiny-glob@0.2.9", "", { "dependencies": { "globalyzer": "0.1.0", "globrex": "^0.1.2" } }, "sha512-g/55ssRPUjShh+xkfx9UPDXqhckHEsHr4Vd9zX55oSdGZc/MD0m3sferOkwWtp98bv+kcVfEHtRJgBVJzelrzg=="],
  }
}
